
Microsoft Visual Studio Solution File, Format Version 12.00
# Visual Studio Version 17
VisualStudioVersion = 17.0.31903.59
MinimumVisualStudioVersion = 10.0.40219.1
Project("{FAE04EC0-301F-11D3-BF4B-00C04F79EFBC}") = "VagonWebSubmissionTool.Web", "src\VagonWebSubmissionTool.Web\VagonWebSubmissionTool.Web.csproj", "{BFBF200A-CDC3-4B47-BAEF-7F71593530D3}"
EndProject
Project("{2150E333-8FDC-42A3-9474-1A3956D46DE8}") = "Solution Items", "Solution Items", "{C7298490-564C-45B6-9FF0-6AC05D9E535E}"
	ProjectSection(SolutionItems) = preProject
		compose.yaml = compose.yaml
	EndProjectSection
EndProject
Project("{FAE04EC0-301F-11D3-BF4B-00C04F79EFBC}") = "VagonWebSubmissionTool.Application", "src\VagonWebSubmissionTool.Application\VagonWebSubmissionTool.Application.csproj", "{E067B1E0-8A22-4B40-9BE4-FD4E25245D9B}"
EndProject
Project("{2150E333-8FDC-42A3-9474-1A3956D46DE8}") = "Tests", "Tests", "{C96E791C-6018-45A4-899F-DE207E2A591B}"
EndProject
Project("{FAE04EC0-301F-11D3-BF4B-00C04F79EFBC}") = "VagonWebSubmissionTool.Application.Tests", "tests\VagonWebSubmissionTool.Application.Tests\VagonWebSubmissionTool.Application.Tests.csproj", "{4B565900-AF53-42F5-A94B-F13299E2C065}"
EndProject
Global
	GlobalSection(SolutionConfigurationPlatforms) = preSolution
		Debug|Any CPU = Debug|Any CPU
		Release|Any CPU = Release|Any CPU
	EndGlobalSection
	GlobalSection(SolutionProperties) = preSolution
		HideSolutionNode = FALSE
	EndGlobalSection
	GlobalSection(ProjectConfigurationPlatforms) = postSolution
		{BFBF200A-CDC3-4B47-BAEF-7F71593530D3}.Debug|Any CPU.ActiveCfg = Debug|Any CPU
		{BFBF200A-CDC3-4B47-BAEF-7F71593530D3}.Debug|Any CPU.Build.0 = Debug|Any CPU
		{BFBF200A-CDC3-4B47-BAEF-7F71593530D3}.Release|Any CPU.ActiveCfg = Release|Any CPU
		{BFBF200A-CDC3-4B47-BAEF-7F71593530D3}.Release|Any CPU.Build.0 = Release|Any CPU
		{E067B1E0-8A22-4B40-9BE4-FD4E25245D9B}.Debug|Any CPU.ActiveCfg = Debug|Any CPU
		{E067B1E0-8A22-4B40-9BE4-FD4E25245D9B}.Debug|Any CPU.Build.0 = Debug|Any CPU
		{E067B1E0-8A22-4B40-9BE4-FD4E25245D9B}.Release|Any CPU.ActiveCfg = Release|Any CPU
		{E067B1E0-8A22-4B40-9BE4-FD4E25245D9B}.Release|Any CPU.Build.0 = Release|Any CPU
		{4B565900-AF53-42F5-A94B-F13299E2C065}.Debug|Any CPU.ActiveCfg = Debug|Any CPU
		{4B565900-AF53-42F5-A94B-F13299E2C065}.Debug|Any CPU.Build.0 = Debug|Any CPU
		{4B565900-AF53-42F5-A94B-F13299E2C065}.Release|Any CPU.ActiveCfg = Release|Any CPU
		{4B565900-AF53-42F5-A94B-F13299E2C065}.Release|Any CPU.Build.0 = Release|Any CPU
	EndGlobalSection
	GlobalSection(NestedProjects) = preSolution
		{4B565900-AF53-42F5-A94B-F13299E2C065} = {C96E791C-6018-45A4-899F-DE207E2A591B}
	EndGlobalSection
EndGlobal
